{
  "name": "TasteItInYourHome",
  "lockfileVersion": 3,
  "requires": true,
  "packages": {
    "": {
      "name": "TasteItInYourHome",
      "dependencies": {
        "@fortawesome/fontawesome-free": "^6.7.2",
        "sweetalert2": "^11.6.13"
      }
    },
    "node_modules/@fortawesome/fontawesome-free": {
      "version": "6.7.2",
      "resolved": "https://registry.npmjs.org/@fortawesome/fontawesome-free/-/fontawesome-free-6.7.2.tgz",
      "integrity": "sha512-JUOtgFW6k9u4Y+xeIaEiLr3+cjoUPiAuLXoyKOJSia6Duzb7pq+A76P9ZdPDoAoxHdHzq6gE9/jKBGXlZT8FbA==",
      "license": "(CC-BY-4.0 AND OFL-1.1 AND MIT)",
      "engines": {
        "node": ">=6"
      }
    },
    "node_modules/sweetalert2": {
      "version": "11.19.1",
      "resolved": "https://registry.npmjs.org/sweetalert2/-/sweetalert2-11.19.1.tgz",
      "integrity": "sha512-+8yws3Sc1srAZbrgdhmEIZny1I1UOYhJOIOdtOlv4TYaP5kkwQ9Zm8/BT23Qg+KdByCNOazltxEJAHzXVu8mhA==",
      "license": "MIT",
      "funding": {
        "type": "individual",
        "url": "https://github.com/sponsors/limonte"
      }
    }
  }
}
